
Microsoft Visual Studio Solution File, Format Version 12.00
# Visual Studio Version 17
VisualStudioVersion = 17.1.32421.90
MinimumVisualStudioVersion = 10.0.40219.1
Project("{9A19103F-16F7-4668-BE54-9A1E7A4F7556}") = "SportsStore", "SportsStore\SportsStore.csproj", "{82E210EB-0716-428B-8DF4-5E61288719AB}"
EndProject
Project("{9A19103F-16F7-4668-BE54-9A1E7A4F7556}") = "SportsStore.Test", "SportsStore.Test\SportsStore.Test.csproj", "{BFF6B749-F2F3-479B-BC43-BFB3B924A021}"
	ProjectSection(ProjectDependencies) = postProject
		{82E210EB-0716-428B-8DF4-5E61288719AB} = {82E210EB-0716-428B-8DF4-5E61288719AB}
	EndProjectSection
EndProject
Global
	GlobalSection(SolutionConfigurationPlatforms) = preSolution
		Debug|Any CPU = Debug|Any CPU
		Release|Any CPU = Release|Any CPU
	EndGlobalSection
	GlobalSection(ProjectConfigurationPlatforms) = postSolution
		{82E210EB-0716-428B-8DF4-5E61288719AB}.Debug|Any CPU.ActiveCfg = Debug|Any CPU
		{82E210EB-0716-428B-8DF4-5E61288719AB}.Debug|Any CPU.Build.0 = Debug|Any CPU
		{82E210EB-0716-428B-8DF4-5E61288719AB}.Release|Any CPU.ActiveCfg = Release|Any CPU
		{82E210EB-0716-428B-8DF4-5E61288719AB}.Release|Any CPU.Build.0 = Release|Any CPU
		{BFF6B749-F2F3-479B-BC43-BFB3B924A021}.Debug|Any CPU.ActiveCfg = Debug|Any CPU
		{BFF6B749-F2F3-479B-BC43-BFB3B924A021}.Debug|Any CPU.Build.0 = Debug|Any CPU
		{BFF6B749-F2F3-479B-BC43-BFB3B924A021}.Release|Any CPU.ActiveCfg = Release|Any CPU
		{BFF6B749-F2F3-479B-BC43-BFB3B924A021}.Release|Any CPU.Build.0 = Release|Any CPU
	EndGlobalSection
	GlobalSection(SolutionProperties) = preSolution
		HideSolutionNode = FALSE
	EndGlobalSection
	GlobalSection(ExtensibilityGlobals) = postSolution
		SolutionGuid = {3696E727-DBFD-4EFF-A153-E12D5D63AD4B}
	EndGlobalSection
EndGlobal
